// !$*UTF8*$!
{
	archiveVersion = 1;
	classes = {
	};
	objectVersion = 56;
	objects = {

/* Begin PBXBuildFile section */
		258F85C72A603A8A009E7F44 /* GraphiApp.swift in Sources */ = {isa = PBXBuildFile; fileRef = 258F85C62A603A8A009E7F44 /* GraphiApp.swift */; };
		258F85C92A603A8A009E7F44 /* ContentView.swift in Sources */ = {isa = PBXBuildFile; fileRef = 258F85C82A603A8A009E7F44 /* ContentView.swift */; };
		258F85CB2A603A8E009E7F44 /* Assets.xcassets in Resources */ = {isa = PBXBuildFile; fileRef = 258F85CA2A603A8E009E7F44 /* Assets.xcassets */; };
		258F85CE2A603A8E009E7F44 /* Preview Assets.xcassets in Resources */ = {isa = PBXBuildFile; fileRef = 258F85CD2A603A8E009E7F44 /* Preview Assets.xcassets */; };
		258F85E12A645EA8009E7F44 /* MainTabBarView.swift in Sources */ = {isa = PBXBuildFile; fileRef = 258F85E02A645EA8009E7F44 /* MainTabBarView.swift */; };
		258F85E32A645FD2009E7F44 /* ProfileView.swift in Sources */ = {isa = PBXBuildFile; fileRef = 258F85E22A645FD2009E7F44 /* ProfileView.swift */; };
/* End PBXBuildFile section */

/* Begin PBXFileReference section */
		258F85C32A603A8A009E7F44 /* Graphi.app */ = {isa = PBXFileReference; explicitFileType = wrapper.application; includeInIndex = 0; path = Graphi.app; sourceTree = BUILT_PRODUCTS_DIR; };
		258F85C62A603A8A009E7F44 /* GraphiApp.swift */ = {isa = PBXFileReference; lastKnownFileType = sourcecode.swift; path = GraphiApp.swift; sourceTree = "<group>"; };
		258F85C82A603A8A009E7F44 /* ContentView.swift */ = {isa = PBXFileReference; lastKnownFileType = sourcecode.swift; path = ContentView.swift; sourceTree = "<group>"; };
		258F85CA2A603A8E009E7F44 /* Assets.xcassets */ = {isa = PBXFileReference; lastKnownFileType = folder.assetcatalog; path = Assets.xcassets; sourceTree = "<group>"; };
		258F85CD2A603A8E009E7F44 /* Preview Assets.xcassets */ = {isa = PBXFileReference; lastKnownFileType = folder.assetcatalog; path = "Preview Assets.xcassets"; sourceTree = "<group>"; };
		258F85E02A645EA8009E7F44 /* MainTabBarView.swift */ = {isa = PBXFileReference; lastKnownFileType = sourcecode.swift; path = MainTabBarView.swift; sourceTree = "<group>"; };
		258F85E22A645FD2009E7F44 /* ProfileView.swift */ = {isa = PBXFileReference; lastKnownFileType = sourcecode.swift; path = ProfileView.swift; sourceTree = "<group>"; };
/* End PBXFileReference section */

/* Begin PBXFrameworksBuildPhase section */
		258F85C02A603A8A009E7F44 /* Frameworks */ = {
			isa = PBXFrameworksBuildPhase;
			buildActionMask = 2147483647;
			files = (
			);
			runOnlyForDeploymentPostprocessing = 0;
		};
/* End PBXFrameworksBuildPhase section */

/* Begin PBXGroup section */
		258F85BA2A603A8A009E7F44 = {
			isa = PBXGroup;
			children = (
				258F85C52A603A8A009E7F44 /* Graphi */,
				258F85C42A603A8A009E7F44 /* Products */,
			);
			sourceTree = "<group>";
		};
		258F85C42A603A8A009E7F44 /* Products */ = {
			isa = PBXGroup;
			children = (
				258F85C32A603A8A009E7F44 /* Graphi.app */,
			);
			name = Products;
			sourceTree = "<group>";
		};
		258F85C52A603A8A009E7F44 /* Graphi */ = {
			isa = PBXGroup;
			children = (
				258F85D42A645CFC009E7F44 /* App */,
				258F85D52A645D0B009E7F44 /* Core */,
				258F85D72A645D1E009E7F44 /* Extensions */,
				258F85D62A645D19009E7F44 /* Model */,
				258F85D82A645D7E009E7F44 /* Services */,
				258F85C82A603A8A009E7F44 /* ContentView.swift */,
				258F85CA2A603A8E009E7F44 /* Assets.xcassets */,
				258F85CC2A603A8E009E7F44 /* Preview Content */,
			);
			path = Graphi;
			sourceTree = "<group>";
		};
		258F85CC2A603A8E009E7F44 /* Preview Content */ = {
			isa = PBXGroup;
			children = (
				258F85CD2A603A8E009E7F44 /* Preview Assets.xcassets */,
			);
			path = "Preview Content";
			sourceTree = "<group>";
		};
		258F85D42A645CFC009E7F44 /* App */ = {
			isa = PBXGroup;
			children = (
				258F85C62A603A8A009E7F44 /* GraphiApp.swift */,
			);
			path = App;
			sourceTree = "<group>";
		};
		258F85D52A645D0B009E7F44 /* Core */ = {
			isa = PBXGroup;
			children = (
				258F85D92A645DA9009E7F44 /* Auth */,
				258F85DA2A645DB5009E7F44 /* Feed */,
				258F85DB2A645DBB009E7F44 /* Profile */,
				258F85DC2A645DC6009E7F44 /* Root */,
				258F85DD2A645DCE009E7F44 /* Search */,
				258F85DF2A645E0F009E7F44 /* TabBar */,
				258F85DE2A645E0B009E7F44 /* UploadPost */,
			);
			path = Core;
			sourceTree = "<group>";
		};
		258F85D62A645D19009E7F44 /* Model */ = {
			isa = PBXGroup;
			children = (
			);
			path = Model;
			sourceTree = "<group>";
		};
		258F85D72A645D1E009E7F44 /* Extensions */ = {
			isa = PBXGroup;
			children = (
			);
			path = Extensions;
			sourceTree = "<group>";
		};
		258F85D82A645D7E009E7F44 /* Services */ = {
			isa = PBXGroup;
			children = (
			);
			path = Services;
			sourceTree = "<group>";
		};
		258F85D92A645DA9009E7F44 /* Auth */ = {
			isa = PBXGroup;
			children = (
			);
			path = Auth;
			sourceTree = "<group>";
		};
		258F85DA2A645DB5009E7F44 /* Feed */ = {
			isa = PBXGroup;
			children = (
			);
			path = Feed;
			sourceTree = "<group>";
		};
		258F85DB2A645DBB009E7F44 /* Profile */ = {
			isa = PBXGroup;
			children = (
				258F85E22A645FD2009E7F44 /* ProfileView.swift */,
			);
			path = Profile;
			sourceTree = "<group>";
		};
		258F85DC2A645DC6009E7F44 /* Root */ = {
			isa = PBXGroup;
			children = (
			);
			path = Root;
			sourceTree = "<group>";
		};
		258F85DD2A645DCE009E7F44 /* Search */ = {
			isa = PBXGroup;
			children = (
			);
			path = Search;
			sourceTree = "<group>";
		};
		258F85DE2A645E0B009E7F44 /* UploadPost */ = {
			isa = PBXGroup;
			children = (
			);
			path = UploadPost;
			sourceTree = "<group>";
		};
		258F85DF2A645E0F009E7F44 /* TabBar */ = {
			isa = PBXGroup;
			children = (
				258F85E02A645EA8009E7F44 /* MainTabBarView.swift */,
			);
			path = TabBar;
			sourceTree = "<group>";
		};
/* End PBXGroup section */

/* Begin PBXNativeTarget section */
		258F85C22A603A8A009E7F44 /* Graphi */ = {
			isa = PBXNativeTarget;
			buildConfigurationList = 258F85D12A603A8E009E7F44 /* Build configuration list for PBXNativeTarget "Graphi" */;
			buildPhases = (
				258F85BF2A603A8A009E7F44 /* Sources */,
				258F85C02A603A8A009E7F44 /* Frameworks */,
				258F85C12A603A8A009E7F44 /* Resources */,
			);
			buildRules = (
			);
			dependencies = (
			);
			name = Graphi;
			productName = Graphi;
			productReference = 258F85C32A603A8A009E7F44 /* Graphi.app */;
			productType = "com.apple.product-type.application";
		};
/* End PBXNativeTarget section */

/* Begin PBXProject section */
		258F85BB2A603A8A009E7F44 /* Project object */ = {
			isa = PBXProject;
			attributes = {
				BuildIndependentTargetsInParallel = 1;
				LastSwiftUpdateCheck = 1420;
				LastUpgradeCheck = 1420;
				TargetAttributes = {
					258F85C22A603A8A009E7F44 = {
						CreatedOnToolsVersion = 14.2;
					};
				};
			};
			buildConfigurationList = 258F85BE2A603A8A009E7F44 /* Build configuration list for PBXProject "Graphi" */;
			compatibilityVersion = "Xcode 14.0";
			developmentRegion = en;
			hasScannedForEncodings = 0;
			knownRegions = (
				en,
				Base,
			);
			mainGroup = 258F85BA2A603A8A009E7F44;
			productRefGroup = 258F85C42A603A8A009E7F44 /* Products */;
			projectDirPath = "";
			projectRoot = "";
			targets = (
				258F85C22A603A8A009E7F44 /* Graphi */,
			);
		};
/* End PBXProject section */

/* Begin PBXResourcesBuildPhase section */
		258F85C12A603A8A009E7F44 /* Resources */ = {
			isa = PBXResourcesBuildPhase;
			buildActionMask = 2147483647;
			files = (
				258F85CE2A603A8E009E7F44 /* Preview Assets.xcassets in Resources */,
				258F85CB2A603A8E009E7F44 /* Assets.xcassets in Resources */,
			);
			runOnlyForDeploymentPostprocessing = 0;
		};
/* End PBXResourcesBuildPhase section */

/* Begin PBXSourcesBuildPhase section */
		258F85BF2A603A8A009E7F44 /* Sources */ = {
			isa = PBXSourcesBuildPhase;
			buildActionMask = 2147483647;
			files = (
				258F85E32A645FD2009E7F44 /* ProfileView.swift in Sources */,
				258F85C92A603A8A009E7F44 /* ContentView.swift in Sources */,
				258F85E12A645EA8009E7F44 /* MainTabBarView.swift in Sources */,
				258F85C72A603A8A009E7F44 /* GraphiApp.swift in Sources */,
			);
			runOnlyForDeploymentPostprocessing = 0;
		};
/* End PBXSourcesBuildPhase section */

/* Begin XCBuildConfiguration section */
		258F85CF2A603A8E009E7F44 /* Debug */ = {
			isa = XCBuildConfiguration;
			buildSettings = {
				ALWAYS_SEARCH_USER_PATHS = NO;
				CLANG_ANALYZER_NONNULL = YES;
				CLANG_ANALYZER_NUMBER_OBJECT_CONVERSION = YES_AGGRESSIVE;
				CLANG_CXX_LANGUAGE_STANDARD = "gnu++20";
				CLANG_ENABLE_MODULES = YES;
				CLANG_ENABLE_OBJC_ARC = YES;
				CLANG_ENABLE_OBJC_WEAK = YES;
				CLANG_WARN_BLOCK_CAPTURE_AUTORELEASING = YES;
				CLANG_WARN_BOOL_CONVERSION = YES;
				CLANG_WARN_COMMA = YES;
				CLANG_WARN_CONSTANT_CONVERSION = YES;
				CLANG_WARN_DEPRECATED_OBJC_IMPLEMENTATIONS = YES;
				CLANG_WARN_DIRECT_OBJC_ISA_USAGE = YES_ERROR;
				CLANG_WARN_DOCUMENTATION_COMMENTS = YES;
				CLANG_WARN_EMPTY_BODY = YES;
				CLANG_WARN_ENUM_CONVERSION = YES;
				CLANG_WARN_INFINITE_RECURSION = YES;
				CLANG_WARN_INT_CONVERSION = YES;
				CLANG_WARN_NON_LITERAL_NULL_CONVERSION = YES;
				CLANG_WARN_OBJC_IMPLICIT_RETAIN_SELF = YES;
				CLANG_WARN_OBJC_LITERAL_CONVERSION = YES;
				CLANG_WARN_OBJC_ROOT_CLASS = YES_ERROR;
				CLANG_WARN_QUOTED_INCLUDE_IN_FRAMEWORK_HEADER = YES;
				CLANG_WARN_RANGE_LOOP_ANALYSIS = YES;
				CLANG_WARN_STRICT_PROTOTYPES = YES;
				CLANG_WARN_SUSPICIOUS_MOVE = YES;
				CLANG_WARN_UNGUARDED_AVAILABILITY = YES_AGGRESSIVE;
				CLANG_WARN_UNREACHABLE_CODE = YES;
				CLANG_WARN__DUPLICATE_METHOD_MATCH = YES;
				COPY_PHASE_STRIP = NO;
				DEBUG_INFORMATION_FORMAT = dwarf;
				ENABLE_STRICT_OBJC_MSGSEND = YES;
				ENABLE_TESTABILITY = YES;
				GCC_C_LANGUAGE_STANDARD = gnu11;
				GCC_DYNAMIC_NO_PIC = NO;
				GCC_NO_COMMON_BLOCKS = YES;
				GCC_OPTIMIZATION_LEVEL = 0;
				GCC_PREPROCESSOR_DEFINITIONS = (
					"DEBUG=1",
					"$(inherited)",
				);
				GCC_WARN_64_TO_32_BIT_CONVERSION = YES;
				GCC_WARN_ABOUT_RETURN_TYPE = YES_ERROR;
				GCC_WARN_UNDECLARED_SELECTOR = YES;
				GCC_WARN_UNINITIALIZED_AUTOS = YES_AGGRESSIVE;
				GCC_WARN_UNUSED_FUNCTION = YES;
				GCC_WARN_UNUSED_VARIABLE = YES;
				IPHONEOS_DEPLOYMENT_TARGET = 16.2;
				MTL_ENABLE_DEBUG_INFO = INCLUDE_SOURCE;
				MTL_FAST_MATH = YES;
				ONLY_ACTIVE_ARCH = YES;
				SDKROOT = iphoneos;
				SWIFT_ACTIVE_COMPILATION_CONDITIONS = DEBUG;
				SWIFT_OPTIMIZATION_LEVEL = "-Onone";
			};
			name = Debug;
		};
		258F85D02A603A8E009E7F44 /* Release */ = {
			isa = XCBuildConfiguration;
			buildSettings = {
				ALWAYS_SEARCH_USER_PATHS = NO;
				CLANG_ANALYZER_NONNULL = YES;
				CLANG_ANALYZER_NUMBER_OBJECT_CONVERSION = YES_AGGRESSIVE;
				CLANG_CXX_LANGUAGE_STANDARD = "gnu++20";
				CLANG_ENABLE_MODULES = YES;
				CLANG_ENABLE_OBJC_ARC = YES;
				CLANG_ENABLE_OBJC_WEAK = YES;
				CLANG_WARN_BLOCK_CAPTURE_AUTORELEASING = YES;
				CLANG_WARN_BOOL_CONVERSION = YES;
				CLANG_WARN_COMMA = YES;
				CLANG_WARN_CONSTANT_CONVERSION = YES;
				CLANG_WARN_DEPRECATED_OBJC_IMPLEMENTATIONS = YES;
				CLANG_WARN_DIRECT_OBJC_ISA_USAGE = YES_ERROR;
				CLANG_WARN_DOCUMENTATION_COMMENTS = YES;
				CLANG_WARN_EMPTY_BODY = YES;
				CLANG_WARN_ENUM_CONVERSION = YES;
				CLANG_WARN_INFINITE_RECURSION = YES;
				CLANG_WARN_INT_CONVERSION = YES;
				CLANG_WARN_NON_LITERAL_NULL_CONVERSION = YES;
				CLANG_WARN_OBJC_IMPLICIT_RETAIN_SELF = YES;
				CLANG_WARN_OBJC_LITERAL_CONVERSION = YES;
				CLANG_WARN_OBJC_ROOT_CLASS = YES_ERROR;
				CLANG_WARN_QUOTED_INCLUDE_IN_FRAMEWORK_HEADER = YES;
				CLANG_WARN_RANGE_LOOP_ANALYSIS = YES;
				CLANG_WARN_STRICT_PROTOTYPES = YES;
				CLANG_WARN_SUSPICIOUS_MOVE = YES;
				CLANG_WARN_UNGUARDED_AVAILABILITY = YES_AGGRESSIVE;
				CLANG_WARN_UNREACHABLE_CODE = YES;
				CLANG_WARN__DUPLICATE_METHOD_MATCH = YES;
				COPY_PHASE_STRIP = NO;
				DEBUG_INFORMATION_FORMAT = "dwarf-with-dsym";
				ENABLE_NS_ASSERTIONS = NO;
				ENABLE_STRICT_OBJC_MSGSEND = YES;
				GCC_C_LANGUAGE_STANDARD = gnu11;
				GCC_NO_COMMON_BLOCKS = YES;
				GCC_WARN_64_TO_32_BIT_CONVERSION = YES;
				GCC_WARN_ABOUT_RETURN_TYPE = YES_ERROR;
				GCC_WARN_UNDECLARED_SELECTOR = YES;
				GCC_WARN_UNINITIALIZED_AUTOS = YES_AGGRESSIVE;
				GCC_WARN_UNUSED_FUNCTION = YES;
				GCC_WARN_UNUSED_VARIABLE = YES;
				IPHONEOS_DEPLOYMENT_TARGET = 16.2;
				MTL_ENABLE_DEBUG_INFO = NO;
				MTL_FAST_MATH = YES;
				SDKROOT = iphoneos;
				SWIFT_COMPILATION_MODE = wholemodule;
				SWIFT_OPTIMIZATION_LEVEL = "-O";
				VALIDATE_PRODUCT = YES;
			};
			name = Release;
		};
		258F85D22A603A8E009E7F44 /* Debug */ = {
			isa = XCBuildConfiguration;
			buildSettings = {
				ASSETCATALOG_COMPILER_APPICON_NAME = AppIcon;
				ASSETCATALOG_COMPILER_GLOBAL_ACCENT_COLOR_NAME = AccentColor;
				CODE_SIGN_STYLE = Automatic;
				CURRENT_PROJECT_VERSION = 1;
				DEVELOPMENT_ASSET_PATHS = "\"Graphi/Preview Content\"";
				DEVELOPMENT_TEAM = 5LG9W4LANW;
				ENABLE_PREVIEWS = YES;
				GENERATE_INFOPLIST_FILE = YES;
				INFOPLIST_KEY_UIApplicationSceneManifest_Generation = YES;
				INFOPLIST_KEY_UIApplicationSupportsIndirectInputEvents = YES;
				INFOPLIST_KEY_UILaunchScreen_Generation = YES;
				INFOPLIST_KEY_UISupportedInterfaceOrientations_iPad = "UIInterfaceOrientationPortrait UIInterfaceOrientationPortraitUpsideDown UIInterfaceOrientationLandscapeLeft UIInterfaceOrientationLandscapeRight";
				INFOPLIST_KEY_UISupportedInterfaceOrientations_iPhone = "UIInterfaceOrientationPortrait UIInterfaceOrientationLandscapeLeft UIInterfaceOrientationLandscapeRight";
				LD_RUNPATH_SEARCH_PATHS = (
					"$(inherited)",
					"@executable_path/Frameworks",
				);
				MARKETING_VERSION = 1.0;
				PRODUCT_BUNDLE_IDENTIFIER = com.amillerr.Graphi;
				PRODUCT_NAME = "$(TARGET_NAME)";
				SWIFT_EMIT_LOC_STRINGS = YES;
				SWIFT_VERSION = 5.0;
				TARGETED_DEVICE_FAMILY = "1,2";
			};
			name = Debug;
		};
		258F85D32A603A8E009E7F44 /* Release */ = {
			isa = XCBuildConfiguration;
			buildSettings = {
				ASSETCATALOG_COMPILER_APPICON_NAME = AppIcon;
				ASSETCATALOG_COMPILER_GLOBAL_ACCENT_COLOR_NAME = AccentColor;
				CODE_SIGN_STYLE = Automatic;
				CURRENT_PROJECT_VERSION = 1;
				DEVELOPMENT_ASSET_PATHS = "\"Graphi/Preview Content\"";
				DEVELOPMENT_TEAM = 5LG9W4LANW;
				ENABLE_PREVIEWS = YES;
				GENERATE_INFOPLIST_FILE = YES;
				INFOPLIST_KEY_UIApplicationSceneManifest_Generation = YES;
				INFOPLIST_KEY_UIApplicationSupportsIndirectInputEvents = YES;
				INFOPLIST_KEY_UILaunchScreen_Generation = YES;
				INFOPLIST_KEY_UISupportedInterfaceOrientations_iPad = "UIInterfaceOrientationPortrait UIInterfaceOrientationPortraitUpsideDown UIInterfaceOrientationLandscapeLeft UIInterfaceOrientationLandscapeRight";
				INFOPLIST_KEY_UISupportedInterfaceOrientations_iPhone = "UIInterfaceOrientationPortrait UIInterfaceOrientationLandscapeLeft UIInterfaceOrientationLandscapeRight";
				LD_RUNPATH_SEARCH_PATHS = (
					"$(inherited)",
					"@executable_path/Frameworks",
				);
				MARKETING_VERSION = 1.0;
				PRODUCT_BUNDLE_IDENTIFIER = com.amillerr.Graphi;
				PRODUCT_NAME = "$(TARGET_NAME)";
				SWIFT_EMIT_LOC_STRINGS = YES;
				SWIFT_VERSION = 5.0;
				TARGETED_DEVICE_FAMILY = "1,2";
			};
			name = Release;
		};
/* End XCBuildConfiguration section */

/* Begin XCConfigurationList section */
		258F85BE2A603A8A009E7F44 /* Build configuration list for PBXProject "Graphi" */ = {
			isa = XCConfigurationList;
			buildConfigurations = (
				258F85CF2A603A8E009E7F44 /* Debug */,
				258F85D02A603A8E009E7F44 /* Release */,
			);
			defaultConfigurationIsVisible = 0;
			defaultConfigurationName = Release;
		};
		258F85D12A603A8E009E7F44 /* Build configuration list for PBXNativeTarget "Graphi" */ = {
			isa = XCConfigurationList;
			buildConfigurations = (
				258F85D22A603A8E009E7F44 /* Debug */,
				258F85D32A603A8E009E7F44 /* Release */,
			);
			defaultConfigurationIsVisible = 0;
			defaultConfigurationName = Release;
		};
/* End XCConfigurationList section */
	};
	rootObject = 258F85BB2A603A8A009E7F44 /* Project object */;
}
